
Microsoft Visual Studio Solution File, Format Version 12.00
# Visual Studio Version 17
VisualStudioVersion = 17.4.33122.133
MinimumVisualStudioVersion = 10.0.40219.1
Project("{FAE04EC0-301F-11D3-BF4B-00C04F79EFBC}") = "Collection", "Collection\Collection.csproj", "{4187461A-3645-4DE7-B173-F90DCC38A4F7}"
EndProject
Global
	GlobalSection(SolutionConfigurationPlatforms) = preSolution
		Debug|Any CPU = Debug|Any CPU
		Release|Any CPU = Release|Any CPU
	EndGlobalSection
	GlobalSection(ProjectConfigurationPlatforms) = postSolution
		{4187461A-3645-4DE7-B173-F90DCC38A4F7}.Debug|Any CPU.ActiveCfg = Debug|Any CPU
		{4187461A-3645-4DE7-B173-F90DCC38A4F7}.Debug|Any CPU.Build.0 = Debug|Any CPU
		{4187461A-3645-4DE7-B173-F90DCC38A4F7}.Release|Any CPU.ActiveCfg = Release|Any CPU
		{4187461A-3645-4DE7-B173-F90DCC38A4F7}.Release|Any CPU.Build.0 = Release|Any CPU
	EndGlobalSection
	GlobalSection(SolutionProperties) = preSolution
		HideSolutionNode = FALSE
	EndGlobalSection
	GlobalSection(ExtensibilityGlobals) = postSolution
		SolutionGuid = {793938D7-7667-4AC6-B6C0-DEC301E6E3ED}
	EndGlobalSection
EndGlobal
